
Microsoft Visual Studio Solution File, Format Version 11.00
# Visual Studio 2010
Project("{FAE04EC0-301F-11D3-BF4B-00C04F79EFBC}") = "Zenject", "Zenject.csproj", "{5b84b673-1288-62cf-956a-0aa7534e0d82}"
EndProject
Project("{FAE04EC0-301F-11D3-BF4B-00C04F79EFBC}") = "UniTask", "UniTask.csproj", "{daaf398e-a989-1ce3-839c-1e97cb93e1c9}"
EndProject
Project("{FAE04EC0-301F-11D3-BF4B-00C04F79EFBC}") = "Assembly-CSharp", "Assembly-CSharp.csproj", "{1ee40a10-5398-a100-0814-c759729749eb}"
EndProject
Project("{FAE04EC0-301F-11D3-BF4B-00C04F79EFBC}") = "UniTask.Linq", "UniTask.Linq.csproj", "{e8a4bd41-4869-15a4-6878-5d4e76ae67d4}"
EndProject
Project("{FAE04EC0-301F-11D3-BF4B-00C04F79EFBC}") = "UniRx", "UniRx.csproj", "{9561a3a8-d991-2e15-96d3-4fcdcedebe4e}"
EndProject
Project("{FAE04EC0-301F-11D3-BF4B-00C04F79EFBC}") = "Zenject-IntegrationTests", "Zenject-IntegrationTests.csproj", "{f21953b4-5b1b-9b7a-bad1-f8817a07d737}"
EndProject
Project("{FAE04EC0-301F-11D3-BF4B-00C04F79EFBC}") = "Zenject-IntegrationTests-Editor", "Zenject-IntegrationTests-Editor.csproj", "{cd35b61d-0a71-d90f-dbfb-a6bb5287dcc9}"
EndProject
Project("{FAE04EC0-301F-11D3-BF4B-00C04F79EFBC}") = "UniTask.DOTween", "UniTask.DOTween.csproj", "{447c792e-b836-4dc7-c013-5bba905abff2}"
EndProject
Project("{FAE04EC0-301F-11D3-BF4B-00C04F79EFBC}") = "Assembly-CSharp-firstpass", "Assembly-CSharp-firstpass.csproj", "{d05cfcbc-576a-fcd3-62e6-5f2c401a0db7}"
EndProject
Project("{FAE04EC0-301F-11D3-BF4B-00C04F79EFBC}") = "UniRx.Examples", "UniRx.Examples.csproj", "{3c21cf4c-b214-7d93-9573-185b3dc34734}"
EndProject
Project("{FAE04EC0-301F-11D3-BF4B-00C04F79EFBC}") = "UniTask.Addressables", "UniTask.Addressables.csproj", "{ebdf3033-d245-97e6-6707-6260f7a7b8b8}"
EndProject
Project("{FAE04EC0-301F-11D3-BF4B-00C04F79EFBC}") = "UniTask.TextMeshPro", "UniTask.TextMeshPro.csproj", "{ff4d971e-57eb-5aed-f38c-3fc90ddb4a21}"
EndProject
Project("{FAE04EC0-301F-11D3-BF4B-00C04F79EFBC}") = "Zenject-PoolMonitor-Editor", "Zenject-PoolMonitor-Editor.csproj", "{aa362dc4-712a-a71e-db9d-c332d730510a}"
EndProject
Project("{FAE04EC0-301F-11D3-BF4B-00C04F79EFBC}") = "Zenject-UnitTests-Editor", "Zenject-UnitTests-Editor.csproj", "{b50e09a6-db0e-61ce-0186-cf81b4886203}"
EndProject
Project("{FAE04EC0-301F-11D3-BF4B-00C04F79EFBC}") = "Zenject-TestFramework", "Zenject-TestFramework.csproj", "{fcb18707-4d24-4a83-e494-75594f25a67e}"
EndProject
Project("{FAE04EC0-301F-11D3-BF4B-00C04F79EFBC}") = "UniTask.Editor", "UniTask.Editor.csproj", "{578e62f6-5d20-e1f9-7fda-695ffc4960f0}"
EndProject
Project("{FAE04EC0-301F-11D3-BF4B-00C04F79EFBC}") = "Zenject-ReflectionBaking-Editor", "Zenject-ReflectionBaking-Editor.csproj", "{666fbda3-836d-c999-6ebd-96118bd2c6db}"
EndProject
Project("{FAE04EC0-301F-11D3-BF4B-00C04F79EFBC}") = "Zenject-Editor", "Zenject-Editor.csproj", "{71fc2836-1bdc-6f56-ec6c-24174f5e59a2}"
EndProject
Global
	GlobalSection(SolutionConfigurationPlatforms) = preSolution
		Debug|Any CPU = Debug|Any CPU
	EndGlobalSection
	GlobalSection(ProjectConfigurationPlatforms) = postSolution
		{5b84b673-1288-62cf-956a-0aa7534e0d82}.Debug|Any CPU.ActiveCfg = Debug|Any CPU
		{5b84b673-1288-62cf-956a-0aa7534e0d82}.Debug|Any CPU.Build.0 = Debug|Any CPU
		{daaf398e-a989-1ce3-839c-1e97cb93e1c9}.Debug|Any CPU.ActiveCfg = Debug|Any CPU
		{daaf398e-a989-1ce3-839c-1e97cb93e1c9}.Debug|Any CPU.Build.0 = Debug|Any CPU
		{1ee40a10-5398-a100-0814-c759729749eb}.Debug|Any CPU.ActiveCfg = Debug|Any CPU
		{1ee40a10-5398-a100-0814-c759729749eb}.Debug|Any CPU.Build.0 = Debug|Any CPU
		{e8a4bd41-4869-15a4-6878-5d4e76ae67d4}.Debug|Any CPU.ActiveCfg = Debug|Any CPU
		{e8a4bd41-4869-15a4-6878-5d4e76ae67d4}.Debug|Any CPU.Build.0 = Debug|Any CPU
		{9561a3a8-d991-2e15-96d3-4fcdcedebe4e}.Debug|Any CPU.ActiveCfg = Debug|Any CPU
		{9561a3a8-d991-2e15-96d3-4fcdcedebe4e}.Debug|Any CPU.Build.0 = Debug|Any CPU
		{f21953b4-5b1b-9b7a-bad1-f8817a07d737}.Debug|Any CPU.ActiveCfg = Debug|Any CPU
		{f21953b4-5b1b-9b7a-bad1-f8817a07d737}.Debug|Any CPU.Build.0 = Debug|Any CPU
		{cd35b61d-0a71-d90f-dbfb-a6bb5287dcc9}.Debug|Any CPU.ActiveCfg = Debug|Any CPU
		{cd35b61d-0a71-d90f-dbfb-a6bb5287dcc9}.Debug|Any CPU.Build.0 = Debug|Any CPU
		{447c792e-b836-4dc7-c013-5bba905abff2}.Debug|Any CPU.ActiveCfg = Debug|Any CPU
		{447c792e-b836-4dc7-c013-5bba905abff2}.Debug|Any CPU.Build.0 = Debug|Any CPU
		{d05cfcbc-576a-fcd3-62e6-5f2c401a0db7}.Debug|Any CPU.ActiveCfg = Debug|Any CPU
		{d05cfcbc-576a-fcd3-62e6-5f2c401a0db7}.Debug|Any CPU.Build.0 = Debug|Any CPU
		{3c21cf4c-b214-7d93-9573-185b3dc34734}.Debug|Any CPU.ActiveCfg = Debug|Any CPU
		{3c21cf4c-b214-7d93-9573-185b3dc34734}.Debug|Any CPU.Build.0 = Debug|Any CPU
		{ebdf3033-d245-97e6-6707-6260f7a7b8b8}.Debug|Any CPU.ActiveCfg = Debug|Any CPU
		{ebdf3033-d245-97e6-6707-6260f7a7b8b8}.Debug|Any CPU.Build.0 = Debug|Any CPU
		{ff4d971e-57eb-5aed-f38c-3fc90ddb4a21}.Debug|Any CPU.ActiveCfg = Debug|Any CPU
		{ff4d971e-57eb-5aed-f38c-3fc90ddb4a21}.Debug|Any CPU.Build.0 = Debug|Any CPU
		{aa362dc4-712a-a71e-db9d-c332d730510a}.Debug|Any CPU.ActiveCfg = Debug|Any CPU
		{aa362dc4-712a-a71e-db9d-c332d730510a}.Debug|Any CPU.Build.0 = Debug|Any CPU
		{b50e09a6-db0e-61ce-0186-cf81b4886203}.Debug|Any CPU.ActiveCfg = Debug|Any CPU
		{b50e09a6-db0e-61ce-0186-cf81b4886203}.Debug|Any CPU.Build.0 = Debug|Any CPU
		{fcb18707-4d24-4a83-e494-75594f25a67e}.Debug|Any CPU.ActiveCfg = Debug|Any CPU
		{fcb18707-4d24-4a83-e494-75594f25a67e}.Debug|Any CPU.Build.0 = Debug|Any CPU
		{578e62f6-5d20-e1f9-7fda-695ffc4960f0}.Debug|Any CPU.ActiveCfg = Debug|Any CPU
		{578e62f6-5d20-e1f9-7fda-695ffc4960f0}.Debug|Any CPU.Build.0 = Debug|Any CPU
		{666fbda3-836d-c999-6ebd-96118bd2c6db}.Debug|Any CPU.ActiveCfg = Debug|Any CPU
		{666fbda3-836d-c999-6ebd-96118bd2c6db}.Debug|Any CPU.Build.0 = Debug|Any CPU
		{71fc2836-1bdc-6f56-ec6c-24174f5e59a2}.Debug|Any CPU.ActiveCfg = Debug|Any CPU
		{71fc2836-1bdc-6f56-ec6c-24174f5e59a2}.Debug|Any CPU.Build.0 = Debug|Any CPU
	EndGlobalSection
	GlobalSection(SolutionProperties) = preSolution
		HideSolutionNode = FALSE
	EndGlobalSection
EndGlobal
